
Microsoft Visual Studio Solution File, Format Version 12.00
# Visual Studio Version 18
VisualStudioVersion = 18.4.11626.88
MinimumVisualStudioVersion = 10.0.40219.1
Project("{FAE04EC0-301F-11D3-BF4B-00C04F79EFBC}") = "Domain", "Domain\Domain.csproj", "{1735BD0B-E91E-4A51-9CE3-C5B555581C5B}"
EndProject
Project("{FAE04EC0-301F-11D3-BF4B-00C04F79EFBC}") = "Infraestructure", "Infraestructure\Infraestructure.csproj", "{45DA198B-6E72-4D43-B3A8-42BF941045B0}"
EndProject
Project("{FAE04EC0-301F-11D3-BF4B-00C04F79EFBC}") = "API", "API\API.csproj", "{6026334D-A63B-4352-9A87-D8C3C907AA4B}"
EndProject
Project("{FAE04EC0-301F-11D3-BF4B-00C04F79EFBC}") = "Application", "Application\Application.csproj", "{D5DD59D6-1F6C-484C-AE97-FDE7157DA664}"
EndProject
Global
	GlobalSection(SolutionConfigurationPlatforms) = preSolution
		Debug|Any CPU = Debug|Any CPU
		Release|Any CPU = Release|Any CPU
	EndGlobalSection
	GlobalSection(ProjectConfigurationPlatforms) = postSolution
		{1735BD0B-E91E-4A51-9CE3-C5B555581C5B}.Debug|Any CPU.ActiveCfg = Debug|Any CPU
		{1735BD0B-E91E-4A51-9CE3-C5B555581C5B}.Debug|Any CPU.Build.0 = Debug|Any CPU
		{1735BD0B-E91E-4A51-9CE3-C5B555581C5B}.Release|Any CPU.ActiveCfg = Release|Any CPU
		{1735BD0B-E91E-4A51-9CE3-C5B555581C5B}.Release|Any CPU.Build.0 = Release|Any CPU
		{45DA198B-6E72-4D43-B3A8-42BF941045B0}.Debug|Any CPU.ActiveCfg = Debug|Any CPU
		{45DA198B-6E72-4D43-B3A8-42BF941045B0}.Debug|Any CPU.Build.0 = Debug|Any CPU
		{45DA198B-6E72-4D43-B3A8-42BF941045B0}.Release|Any CPU.ActiveCfg = Release|Any CPU
		{45DA198B-6E72-4D43-B3A8-42BF941045B0}.Release|Any CPU.Build.0 = Release|Any CPU
		{6026334D-A63B-4352-9A87-D8C3C907AA4B}.Debug|Any CPU.ActiveCfg = Debug|Any CPU
		{6026334D-A63B-4352-9A87-D8C3C907AA4B}.Debug|Any CPU.Build.0 = Debug|Any CPU
		{6026334D-A63B-4352-9A87-D8C3C907AA4B}.Release|Any CPU.ActiveCfg = Release|Any CPU
		{6026334D-A63B-4352-9A87-D8C3C907AA4B}.Release|Any CPU.Build.0 = Release|Any CPU
		{D5DD59D6-1F6C-484C-AE97-FDE7157DA664}.Debug|Any CPU.ActiveCfg = Debug|Any CPU
		{D5DD59D6-1F6C-484C-AE97-FDE7157DA664}.Debug|Any CPU.Build.0 = Debug|Any CPU
		{D5DD59D6-1F6C-484C-AE97-FDE7157DA664}.Release|Any CPU.ActiveCfg = Release|Any CPU
		{D5DD59D6-1F6C-484C-AE97-FDE7157DA664}.Release|Any CPU.Build.0 = Release|Any CPU
	EndGlobalSection
	GlobalSection(SolutionProperties) = preSolution
		HideSolutionNode = FALSE
	EndGlobalSection
	GlobalSection(ExtensibilityGlobals) = postSolution
		SolutionGuid = {A38AB176-5D97-43EF-99DA-8371C2D2159F}
	EndGlobalSection
EndGlobal
